
Microsoft Visual Studio Solution File, Format Version 12.00
# Visual Studio Version 17
VisualStudioVersion = 17.13.35825.156 d17.13
MinimumVisualStudioVersion = 10.0.40219.1
Project("{FAE04EC0-301F-11D3-BF4B-00C04F79EFBC}") = "cine-app-backend", "cine-app-backend\cine-app-backend.csproj", "{48BC78C6-2594-4461-99E9-3C65B9C5AEA2}"
EndProject
Global
	GlobalSection(SolutionConfigurationPlatforms) = preSolution
		Debug|Any CPU = Debug|Any CPU
		Release|Any CPU = Release|Any CPU
	EndGlobalSection
	GlobalSection(ProjectConfigurationPlatforms) = postSolution
		{48BC78C6-2594-4461-99E9-3C65B9C5AEA2}.Debug|Any CPU.ActiveCfg = Debug|Any CPU
		{48BC78C6-2594-4461-99E9-3C65B9C5AEA2}.Debug|Any CPU.Build.0 = Debug|Any CPU
		{48BC78C6-2594-4461-99E9-3C65B9C5AEA2}.Release|Any CPU.ActiveCfg = Release|Any CPU
		{48BC78C6-2594-4461-99E9-3C65B9C5AEA2}.Release|Any CPU.Build.0 = Release|Any CPU
	EndGlobalSection
	GlobalSection(SolutionProperties) = preSolution
		HideSolutionNode = FALSE
	EndGlobalSection
	GlobalSection(ExtensibilityGlobals) = postSolution
		SolutionGuid = {8F91AE9D-A78C-4BCC-A956-907214064DFB}
	EndGlobalSection
EndGlobal
